{
  "name": "rime-kyonh",
  "lockfileVersion": 2,
  "requires": true,
  "packages": {
    "": {
      "dependencies": {
        "qieyun-examples": "^20210422.0.0"
      }
    },
    "node_modules/qieyun": {
      "version": "0.12.3",
      "resolved": "https://registry.npmjs.org/qieyun/-/qieyun-0.12.3.tgz",
      "integrity": "sha512-w1QBK0KqzPFnI1mkW2y6NAaAxZFJ2yaSPLtWjaGwUyfWToWrGYstl7rZ1PY9RqQqAA1y/PKQGt3w166y5U5i9w==",
      "engines": {
        "node": ">=10"
      }
    },
    "node_modules/qieyun-examples": {
      "version": "20210422.0.0",
      "resolved": "https://registry.npmjs.org/qieyun-examples/-/qieyun-examples-20210422.0.0.tgz",
      "integrity": "sha512-oSOqd0WHXclUgK26Nx3V0OXjSqduoh142UF5swpM8qlW4aVdDvrzQyxvju72lBSuGdAXEJNyNxxbazIFat2sTg==",
      "dependencies": {
        "qieyun": "^0.12.2"
      }
    }
  },
  "dependencies": {
    "qieyun": {
      "version": "0.12.3",
      "resolved": "https://registry.npmjs.org/qieyun/-/qieyun-0.12.3.tgz",
      "integrity": "sha512-w1QBK0KqzPFnI1mkW2y6NAaAxZFJ2yaSPLtWjaGwUyfWToWrGYstl7rZ1PY9RqQqAA1y/PKQGt3w166y5U5i9w=="
    },
    "qieyun-examples": {
      "version": "20210422.0.0",
      "resolved": "https://registry.npmjs.org/qieyun-examples/-/qieyun-examples-20210422.0.0.tgz",
      "integrity": "sha512-oSOqd0WHXclUgK26Nx3V0OXjSqduoh142UF5swpM8qlW4aVdDvrzQyxvju72lBSuGdAXEJNyNxxbazIFat2sTg==",
      "requires": {
        "qieyun": "^0.12.2"
      }
    }
  }
}
